
Microsoft Visual Studio Solution File, Format Version 12.00
# Visual Studio 15
VisualStudioVersion = 15.0.27428.2037
MinimumVisualStudioVersion = 10.0.40219.1
Project("{FAE04EC0-301F-11D3-BF4B-00C04F79EFBC}") = "DeckofCards", "DeckofCards\DeckofCards.csproj", "{878FABFA-15DD-4303-AAAC-B8352F2AB417}"
EndProject
Global
	GlobalSection(SolutionConfigurationPlatforms) = preSolution
		Debug|Any CPU = Debug|Any CPU
		Release|Any CPU = Release|Any CPU
	EndGlobalSection
	GlobalSection(ProjectConfigurationPlatforms) = postSolution
		{878FABFA-15DD-4303-AAAC-B8352F2AB417}.Debug|Any CPU.ActiveCfg = Debug|Any CPU
		{878FABFA-15DD-4303-AAAC-B8352F2AB417}.Debug|Any CPU.Build.0 = Debug|Any CPU
		{878FABFA-15DD-4303-AAAC-B8352F2AB417}.Release|Any CPU.ActiveCfg = Release|Any CPU
		{878FABFA-15DD-4303-AAAC-B8352F2AB417}.Release|Any CPU.Build.0 = Release|Any CPU
	EndGlobalSection
	GlobalSection(SolutionProperties) = preSolution
		HideSolutionNode = FALSE
	EndGlobalSection
	GlobalSection(ExtensibilityGlobals) = postSolution
		SolutionGuid = {84F841D9-A58E-4A61-A553-E4E25C1032BA}
	EndGlobalSection
EndGlobal
